
Microsoft Visual Studio Solution File, Format Version 12.00
Project("{FAE04EC0-301F-11D3-BF4B-00C04F79EFBC}") = "equivalence-partitioning", "equivalence-partitioning\equivalence-partitioning.csproj", "{B4E3596E-1F5A-4EFB-868B-1FC33401458B}"
EndProject
Global
	GlobalSection(SolutionConfigurationPlatforms) = preSolution
		Debug|Any CPU = Debug|Any CPU
		Release|Any CPU = Release|Any CPU
	EndGlobalSection
	GlobalSection(ProjectConfigurationPlatforms) = postSolution
		{B4E3596E-1F5A-4EFB-868B-1FC33401458B}.Debug|Any CPU.ActiveCfg = Debug|Any CPU
		{B4E3596E-1F5A-4EFB-868B-1FC33401458B}.Debug|Any CPU.Build.0 = Debug|Any CPU
		{B4E3596E-1F5A-4EFB-868B-1FC33401458B}.Release|Any CPU.ActiveCfg = Release|Any CPU
		{B4E3596E-1F5A-4EFB-868B-1FC33401458B}.Release|Any CPU.Build.0 = Release|Any CPU
	EndGlobalSection
EndGlobal
