
Microsoft Visual Studio Solution File, Format Version 12.00
Project("{FAE04EC0-301F-11D3-BF4B-00C04F79EFBC}") = "Homework5", "Homework5\Homework5.csproj", "{78E203EF-D011-4A63-8E22-49148CEA4FA1}"
EndProject
Project("{FAE04EC0-301F-11D3-BF4B-00C04F79EFBC}") = "Homework5Tests", "Homework5Tests\Homework5Tests.csproj", "{7284B7CE-96CB-41BC-A4ED-C7AC49742E56}"
EndProject
Project("{FAE04EC0-301F-11D3-BF4B-00C04F79EFBC}") = "Homework5Benchmarks", "Homework5Benchmarks\Homework5Benchmarks.csproj", "{8C9E2B75-0B72-4157-AA84-893BBE253851}"
EndProject
Global
	GlobalSection(SolutionConfigurationPlatforms) = preSolution
		Debug|Any CPU = Debug|Any CPU
		Release|Any CPU = Release|Any CPU
	EndGlobalSection
	GlobalSection(ProjectConfigurationPlatforms) = postSolution
		{78E203EF-D011-4A63-8E22-49148CEA4FA1}.Debug|Any CPU.ActiveCfg = Debug|Any CPU
		{78E203EF-D011-4A63-8E22-49148CEA4FA1}.Debug|Any CPU.Build.0 = Debug|Any CPU
		{78E203EF-D011-4A63-8E22-49148CEA4FA1}.Release|Any CPU.ActiveCfg = Release|Any CPU
		{78E203EF-D011-4A63-8E22-49148CEA4FA1}.Release|Any CPU.Build.0 = Release|Any CPU
		{7284B7CE-96CB-41BC-A4ED-C7AC49742E56}.Debug|Any CPU.ActiveCfg = Debug|Any CPU
		{7284B7CE-96CB-41BC-A4ED-C7AC49742E56}.Debug|Any CPU.Build.0 = Debug|Any CPU
		{7284B7CE-96CB-41BC-A4ED-C7AC49742E56}.Release|Any CPU.ActiveCfg = Release|Any CPU
		{7284B7CE-96CB-41BC-A4ED-C7AC49742E56}.Release|Any CPU.Build.0 = Release|Any CPU
		{8C9E2B75-0B72-4157-AA84-893BBE253851}.Debug|Any CPU.ActiveCfg = Debug|Any CPU
		{8C9E2B75-0B72-4157-AA84-893BBE253851}.Debug|Any CPU.Build.0 = Debug|Any CPU
		{8C9E2B75-0B72-4157-AA84-893BBE253851}.Release|Any CPU.ActiveCfg = Release|Any CPU
		{8C9E2B75-0B72-4157-AA84-893BBE253851}.Release|Any CPU.Build.0 = Release|Any CPU
	EndGlobalSection
EndGlobal
