
Microsoft Visual Studio Solution File, Format Version 12.00
Project("{FAE04EC0-301F-11D3-BF4B-00C04F79EFBC}") = "Homework1TwoDigitAddExhaustive", "Homework1TwoDigitAddExhaustive\Homework1TwoDigitAddExhaustive.csproj", "{BA18C4C7-516F-4C4B-BD4E-3F8BEEB736BA}"
EndProject
Global
	GlobalSection(SolutionConfigurationPlatforms) = preSolution
		Debug|Any CPU = Debug|Any CPU
		Release|Any CPU = Release|Any CPU
	EndGlobalSection
	GlobalSection(ProjectConfigurationPlatforms) = postSolution
		{BA18C4C7-516F-4C4B-BD4E-3F8BEEB736BA}.Debug|Any CPU.ActiveCfg = Debug|Any CPU
		{BA18C4C7-516F-4C4B-BD4E-3F8BEEB736BA}.Debug|Any CPU.Build.0 = Debug|Any CPU
		{BA18C4C7-516F-4C4B-BD4E-3F8BEEB736BA}.Release|Any CPU.ActiveCfg = Release|Any CPU
		{BA18C4C7-516F-4C4B-BD4E-3F8BEEB736BA}.Release|Any CPU.Build.0 = Release|Any CPU
	EndGlobalSection
EndGlobal
