
Microsoft Visual Studio Solution File, Format Version 12.00
# Visual Studio Version 17
VisualStudioVersion = 17.0.31903.59
MinimumVisualStudioVersion = 10.0.40219.1
Project("{FAE04EC0-301F-11D3-BF4B-00C04F79EFBC}") = "MathLibrary", "MathLibrary\MathLibrary.csproj", "{3244E7C4-8F2F-46A8-B9F8-36F2A87AF3FD}"
EndProject
Project("{FAE04EC0-301F-11D3-BF4B-00C04F79EFBC}") = "MathLibraryTest", "MathLibraryTest\MathLibraryTest.csproj", "{E9AF563E-4B29-4039-A957-9FA8F9833F6E}"
EndProject
Project("{2150E333-8FDC-42A3-9474-1A3956D46DE8}") = "Solution", "Solution", "{7B091F7C-3924-4B0B-973D-C17D08477733}"
	ProjectSection(SolutionItems) = preProject
		README.md = README.md
		.gitignore = .gitignore
	EndProjectSection
EndProject
Global
	GlobalSection(SolutionConfigurationPlatforms) = preSolution
		Debug|Any CPU = Debug|Any CPU
		Release|Any CPU = Release|Any CPU
	EndGlobalSection
	GlobalSection(SolutionProperties) = preSolution
		HideSolutionNode = FALSE
	EndGlobalSection
	GlobalSection(ProjectConfigurationPlatforms) = postSolution
		{3244E7C4-8F2F-46A8-B9F8-36F2A87AF3FD}.Debug|Any CPU.ActiveCfg = Debug|Any CPU
		{3244E7C4-8F2F-46A8-B9F8-36F2A87AF3FD}.Debug|Any CPU.Build.0 = Debug|Any CPU
		{3244E7C4-8F2F-46A8-B9F8-36F2A87AF3FD}.Release|Any CPU.ActiveCfg = Release|Any CPU
		{3244E7C4-8F2F-46A8-B9F8-36F2A87AF3FD}.Release|Any CPU.Build.0 = Release|Any CPU
		{E9AF563E-4B29-4039-A957-9FA8F9833F6E}.Debug|Any CPU.ActiveCfg = Debug|Any CPU
		{E9AF563E-4B29-4039-A957-9FA8F9833F6E}.Debug|Any CPU.Build.0 = Debug|Any CPU
		{E9AF563E-4B29-4039-A957-9FA8F9833F6E}.Release|Any CPU.ActiveCfg = Release|Any CPU
		{E9AF563E-4B29-4039-A957-9FA8F9833F6E}.Release|Any CPU.Build.0 = Release|Any CPU
	EndGlobalSection
EndGlobal
